
Microsoft Visual Studio Solution File, Format Version 12.00
# Visual Studio 15
VisualStudioVersion = 15.0.27428.2005
MinimumVisualStudioVersion = 10.0.40219.1
Project("{FAE04EC0-301F-11D3-BF4B-00C04F79EFBC}") = "PairProgram", "PairProgram\PairProgram.csproj", "{1319B952-5D80-469A-8C82-2FA94EAEAD27}"
EndProject
Global
	GlobalSection(SolutionConfigurationPlatforms) = preSolution
		Debug|Any CPU = Debug|Any CPU
		Release|Any CPU = Release|Any CPU
	EndGlobalSection
	GlobalSection(ProjectConfigurationPlatforms) = postSolution
		{1319B952-5D80-469A-8C82-2FA94EAEAD27}.Debug|Any CPU.ActiveCfg = Debug|Any CPU
		{1319B952-5D80-469A-8C82-2FA94EAEAD27}.Debug|Any CPU.Build.0 = Debug|Any CPU
		{1319B952-5D80-469A-8C82-2FA94EAEAD27}.Release|Any CPU.ActiveCfg = Release|Any CPU
		{1319B952-5D80-469A-8C82-2FA94EAEAD27}.Release|Any CPU.Build.0 = Release|Any CPU
	EndGlobalSection
	GlobalSection(SolutionProperties) = preSolution
		HideSolutionNode = FALSE
	EndGlobalSection
	GlobalSection(ExtensibilityGlobals) = postSolution
		SolutionGuid = {C5E7F9D7-5C9D-4A1D-AD25-6170CBBB504E}
	EndGlobalSection
EndGlobal
